version: 7
platforms:
- name: osx-arm64
  virtual-packages:
  - __unix=0=0
  - __osx=13.0
  - __archspec=0=m1
environments:
  default:
    channels:
    - url: https://prefix.dev/conda-forge/
    packages:
      osx-arm64:
      - conda: https://prefix.dev/conda-forge/noarch/ca-certificates-2026.6.17-hbd8a1cb_0.conda
      - conda: https://prefix.dev/conda-forge/noarch/python_abi-3.14-8_cp314.conda
      - conda: https://prefix.dev/conda-forge/noarch/tzdata-2026c-h151e31d_0.conda
      - conda: https://prefix.dev/conda-forge/osx-arm64/bzip2-1.0.8-hd037594_9.conda
      - conda: https://prefix.dev/conda-forge/osx-arm64/libexpat-2.8.1-hf6b4638_1.conda
      - conda: https://prefix.dev/conda-forge/osx-arm64/libffi-3.5.2-hcf2aa1b_0.conda
      - conda: https://prefix.dev/conda-forge/osx-arm64/liblzma-5.8.3-h8088a28_0.conda
      - conda: https://prefix.dev/conda-forge/osx-arm64/libmpdec-4.0.0-h84a0fba_1.conda
      - conda: https://prefix.dev/conda-forge/osx-arm64/libsqlite-3.53.3-h1b79a29_0.conda
      - conda: https://prefix.dev/conda-forge/osx-arm64/libzlib-1.3.2-h8088a28_2.conda
      - conda: https://prefix.dev/conda-forge/osx-arm64/ncurses-6.6-h1d4f5a5_0.conda
      - conda: https://prefix.dev/conda-forge/osx-arm64/openssl-3.6.3-hd24854e_0.conda
      - conda: https://prefix.dev/conda-forge/osx-arm64/python-3.14.6-h156bc91_100_cp314.conda
      - conda: https://prefix.dev/conda-forge/osx-arm64/readline-8.3-h46df422_0.conda
      - conda: https://prefix.dev/conda-forge/osx-arm64/tk-8.6.13-hd3d0363_3.conda
      - conda: https://prefix.dev/conda-forge/osx-arm64/zstd-1.5.7-hbf9d68e_6.conda
      - conda_source: pyo3-mesonpy[10bb74b1] @ .
packages:
- conda: https://prefix.dev/conda-forge/noarch/ca-certificates-2026.6.17-hbd8a1cb_0.conda
  sha256: f8e3c730fa14ee3f170493779f06522c4acf89169f43db4f039727709b6419cf
  md5: a9965dd99f683c5f444428f896635716
  depends:
  - __unix
  license: ISC
  run_exports: {}
  size: 128866
  timestamp: 1781708962055
- conda: https://prefix.dev/conda-forge/noarch/compiler-rt22_osx-arm64-22.1.8-h7e67a1e_1.conda
  sha256: 0d3cb7b6386265b8a308b1a0a83a0e718e9d78b0e61f7d7a7bb80b47760e35da
  md5: 3e936f877a0eb8381d30f14810a39acd
  constrains:
  - compiler-rt >=9.0.1
  license: Apache-2.0 WITH LLVM-exception
  license_family: APACHE
  run_exports: {}
  size: 11005161
  timestamp: 1781741132641
- conda: https://prefix.dev/conda-forge/noarch/compiler-rt_osx-arm64-22.1.8-hce30654_1.conda
  sha256: e8eccc163a8ca1fcd051826d566934d3785413b5a57d658902eb775026af3856
  md5: d50cec26659fa7e7c285803c77abab9b
  depends:
  - compiler-rt22_osx-arm64 22.1.8 h7e67a1e_1
  constrains:
  - clang 22.1.8
  license: Apache-2.0 WITH LLVM-exception
  license_family: APACHE
  run_exports: {}
  size: 16698
  timestamp: 1781741176960
- conda: https://prefix.dev/conda-forge/noarch/macosx_deployment_target_osx-arm64-13.0-h95484f9_7.conda
  sha256: db707894be9c35a6018302b9e8ee118af88dfecf5a53dec3babe960f1d8169bf
  md5: 70cfaa23dff3b09e7fc2acfafd35ccc8
  license: BSD-3-Clause
  license_family: BSD
  run_exports:
    strong:
    - __osx >=13.0
  size: 4994
  timestamp: 1771434083543
- conda: https://prefix.dev/conda-forge/noarch/meson-python-0.20.0-pyh7e86bf3_0.conda
  sha256: 2eb6fe0f3b3eac2320ae3c73892c38f458d835414789f5c270f8762f72f34bff
  md5: f5f0d602a73fb52e59ae9a1aa4a326c2
  depends:
  - meson >=0.64.0
  - ninja
  - packaging >=23.2
  - pyproject-metadata >=0.9.0
  - python >=3.10
  - tomli >=1.0.0
  - python
  license: MIT
  license_family: MIT
  run_exports: {}
  size: 94765
  timestamp: 1781164930569
- conda: https://prefix.dev/conda-forge/noarch/packaging-26.2-pyhc364b38_0.conda
  sha256: 3906abfb6511a3bb309e39b9b1b7bc38f50a723971de2395489fd1f379255890
  md5: 4c06a92e74452cfa53623a81592e8934
  depends:
  - python >=3.8
  - python
  license: Apache-2.0
  license_family: APACHE
  run_exports: {}
  size: 91574
  timestamp: 1777103621679
- conda: https://prefix.dev/conda-forge/noarch/pyproject-metadata-0.12.1-pyhd8ed1ab_0.conda
  sha256: 9951d325225765ab01977f151abf9165cab68e5b73b93eac210dfb7322b74c65
  md5: 5997c30f8b2310c4acf067a1a7c7ccc3
  depends:
  - packaging >=23.2
  - python >=3.10
  license: MIT
  license_family: MIT
  run_exports: {}
  size: 27343
  timestamp: 1783140019536
- conda: https://prefix.dev/conda-forge/noarch/python_abi-3.14-8_cp314.conda
  build_number: 8
  sha256: ad6d2e9ac39751cc0529dd1566a26751a0bf2542adb0c232533d32e176e21db5
  md5: 0539938c55b6b1a59b560e843ad864a4
  constrains:
  - python 3.14.* *_cp314
  license: BSD-3-Clause
  license_family: BSD
  run_exports: {}
  size: 6989
  timestamp: 1752805904792
- conda: https://prefix.dev/conda-forge/noarch/rust-std-aarch64-apple-darwin-1.97.0-hf6ec828_1.conda
  sha256: 957e3f252d551ada4c2417407ea49c1f6076d247ff0d2ab0002b756ee959eb6d
  md5: f6fd567bf380af15ceb4686a93b9c2b9
  depends:
  - __unix
  constrains:
  - rust >=1.97.0,<1.97.1.0a0
  license: MIT
  run_exports: {}
  size: 34844271
  timestamp: 1784229490576
- conda: https://prefix.dev/conda-forge/noarch/sdkroot_env_osx-arm64-26.0-ha3f98da_7.conda
  sha256: fabfe031ede99898cb2b0b805f6c0d64fcc24ecdb444de3a83002d8135bf4804
  md5: 5f0ebbfea12d8e5bddff157e271fdb2f
  license: BSD-3-Clause
  license_family: BSD
  run_exports: {}
  size: 4971
  timestamp: 1771434195389
- conda: https://prefix.dev/conda-forge/noarch/setuptools-83.0.0-pyh332efcf_0.conda
  sha256: 48a9f96016505debadfc67f06de7ac548decbc38d327409b24b0432ef6f16335
  md5: 6bf6acbab2499830180ec88c3aff2fa4
  depends:
  - python >=3.10
  license: MIT
  license_family: MIT
  run_exports: {}
  size: 642081
  timestamp: 1783619174976
- conda: https://prefix.dev/conda-forge/noarch/tomli-2.4.1-pyhcf101f3_0.conda
  sha256: 91cafdb64268e43e0e10d30bd1bef5af392e69f00edd34dfaf909f69ab2da6bd
  md5: b5325cf06a000c5b14970462ff5e4d58
  depends:
  - python >=3.10
  - python
  license: MIT
  license_family: MIT
  run_exports: {}
  size: 21561
  timestamp: 1774492402955
- conda: https://prefix.dev/conda-forge/noarch/tzdata-2026c-h151e31d_0.conda
  sha256: b928c30ddcb0e3f544c6eade8352737e6e610e263276b90232db6a578ef899d8
  md5: fcb489df604d100968b737f2cb6076c6
  license: LicenseRef-Public-Domain
  run_exports: {}
  size: 118849
  timestamp: 1784250406640
- conda: https://prefix.dev/conda-forge/osx-arm64/bzip2-1.0.8-hd037594_9.conda
  sha256: 540fe54be35fac0c17feefbdc3e29725cce05d7367ffedfaaa1bdda234b019df
  md5: 620b85a3f45526a8bc4d23fd78fc22f0
  depends:
  - __osx >=11.0
  license: bzip2-1.0.6
  license_family: BSD
  run_exports:
    weak:
    - bzip2 >=1.0.8,<2.0a0
  size: 124834
  timestamp: 1771350416561
- conda: https://prefix.dev/conda-forge/osx-arm64/cctools_impl_osx-arm64-1030.6.3-llvm22_1_hb5e89dc_4.conda
  sha256: 97075a1afeac8a7a4dca258ac10efb70638e3c734cbf5a6328ca1e0718e09c41
  md5: 97768bb89683757d7e535f9b7dcba39d
  depends:
  - __osx >=11.0
  - ld64_osx-arm64 >=956.6,<956.7.0a0
  - libcxx
  - libllvm22 >=22.1.0,<22.2.0a0
  - libzlib >=1.3.1,<2.0a0
  - llvm-tools 22.1.*
  - sigtool-codesign
  constrains:
  - clang 22.1.*
  - ld64 956.6.*
  - cctools 1030.6.3.*
  license: APSL-2.0
  license_family: Other
  run_exports: {}
  size: 749166
  timestamp: 1772019681419
- conda: https://prefix.dev/conda-forge/osx-arm64/cctools_osx-arm64-1030.6.3-llvm22_1_hbe26303_4.conda
  sha256: c90c927dd77afb7d8115a3777b567d9ab84169ab797436d79789d75d0bd1a399
  md5: a08c9f61e81b5d4a0a653495545ec2b8
  depends:
  - cctools_impl_osx-arm64 1030.6.3 llvm22_1_hb5e89dc_4
  - ld64_osx-arm64 956.6 llvm22_1_h692d5aa_4
  constrains:
  - cctools 1030.6.3.*
  license: APSL-2.0
  license_family: Other
  run_exports: {}
  size: 23468
  timestamp: 1772019757885
- conda: https://prefix.dev/conda-forge/osx-arm64/clang-22-22.1.8-default_h3bfd001_3.conda
  sha256: 0089918b32daaa4c1ae0762309f5d5cad6549624a0d1d32de7405ebfc616914a
  md5: 8d37f4369517317f62385cc0937b7c55
  depends:
  - compiler-rt22 ==22.1.8
  - libclang-cpp22.1 ==22.1.8 default_hdca5a3d_3
  - libcxx >=22.1.8
  - __osx >=11.0
  - libllvm22 >=22.1.8,<22.2.0a0
  - libclang-cpp22.1 >=22.1.8,<22.2.0a0
  license: Apache-2.0 WITH LLVM-exception
  license_family: APACHE
  run_exports: {}
  size: 927702
  timestamp: 1782358827352
- conda: https://prefix.dev/conda-forge/osx-arm64/clang_impl_osx-arm64-22.1.8-default_hd222103_3.conda
  sha256: 72dae57849bf56157dc371fbcb53a56496830e3d611703602973b96a4578a98b
  md5: 78fc1abfa6876f1844935ae3af3bae9d
  depends:
  - clang-22 ==22.1.8 default_h3bfd001_3
  - compiler-rt_osx-arm64
  - compiler-rt 22.1.8.*
  - cctools_impl_osx-arm64
  - ld64_osx-arm64 * llvm22_1_*
  - __osx >=11.0
  - libzlib >=1.3.2,<2.0a0
  - libxml2
  - libxml2-16 >=2.14.6
  - zstd >=1.5.7,<1.6.0a0
  license: Apache-2.0 WITH LLVM-exception
  license_family: APACHE
  run_exports: {}
  size: 32235
  timestamp: 1782358827352
- conda: https://prefix.dev/conda-forge/osx-arm64/clang_osx-arm64-22.1.8-hc95f77d_33.conda
  sha256: a7f3d14b037c06fcfd9a4bcde18222275981569feb68451a7d529217991d59fa
  md5: cf77297320ede12b1426c9a9d9ae225c
  depends:
  - cctools_osx-arm64
  - clang_impl_osx-arm64 22.1.8.*
  - sdkroot_env_osx-arm64
  license: BSD-3-Clause
  license_family: BSD
  run_exports: {}
  size: 20399
  timestamp: 1783961621412
- conda: https://prefix.dev/conda-forge/osx-arm64/compiler-rt-22.1.8-hce30654_1.conda
  sha256: eb0c8aee28824932e465960e313ce41486bb17b440d8195526733044006ee4ae
  md5: 7c0a8e9c95ac40105b4c548d992ca537
  depends:
  - compiler-rt22 22.1.8 hd34ed20_1
  - libcompiler-rt 22.1.8 hd34ed20_1
  constrains:
  - clang 22.1.8
  license: Apache-2.0 WITH LLVM-exception
  license_family: APACHE
  run_exports: {}
  size: 16555
  timestamp: 1781741177869
- conda: https://prefix.dev/conda-forge/osx-arm64/compiler-rt22-22.1.8-hd34ed20_1.conda
  sha256: b7da9c52cbccfa8c2449a9e404225696f60bce30f5270fd6d7be1c5cfb5dc478
  md5: 97912eef554a369ab285baefdf843a86
  depends:
  - __osx >=11.0
  - compiler-rt22_osx-arm64 22.1.8.*
  license: Apache-2.0 WITH LLVM-exception
  license_family: APACHE
  run_exports: {}
  size: 99905
  timestamp: 1781741175808
- conda: https://prefix.dev/conda-forge/osx-arm64/ld64_osx-arm64-956.6-llvm22_1_h692d5aa_4.conda
  sha256: e4ae2ef85672c094aa3467d466f932ccdc1dda9bd4adac64f4252cc796149091
  md5: 4c2255bf859bff6c52ed38960e3bc963
  depends:
  - __osx >=11.0
  - libcxx
  - libllvm22 >=22.1.0,<22.2.0a0
  - sigtool-codesign
  - tapi >=1600.0.11.8,<1601.0a0
  constrains:
  - clang 22.1.*
  - ld64 956.6.*
  - cctools_impl_osx-arm64 1030.6.3.*
  - cctools 1030.6.3.*
  license: APSL-2.0
  license_family: Other
  run_exports: {}
  size: 1038027
  timestamp: 1772019602406
- conda: https://prefix.dev/conda-forge/osx-arm64/libclang-cpp22.1-22.1.8-default_hdca5a3d_3.conda
  sha256: dcc960219fae62d99281e3767b6b3162b15aa53331ac0233c6d72ed99e5a1fbe
  md5: 996a036eabb7a8594626fdc1cf758519
  depends:
  - libcxx >=22.1.8
  - __osx >=11.0
  - libllvm22 >=22.1.8,<22.2.0a0
  license: Apache-2.0 WITH LLVM-exception
  license_family: APACHE
  run_exports:
    weak:
    - libclang-cpp22.1 >=22.1.8,<22.2.0a0
  size: 15930788
  timestamp: 1782358827352
- conda: https://prefix.dev/conda-forge/osx-arm64/libcompiler-rt-22.1.8-hd34ed20_1.conda
  sha256: e19bef885123e78e93169f2814ff1c41650ee554b0e2b2b79f7398e09803df94
  md5: 45e4352d41a29e442f79f7708d12b655
  depends:
  - __osx >=11.0
  constrains:
  - compiler-rt >=9.0.1
  license: Apache-2.0 WITH LLVM-exception
  license_family: APACHE
  run_exports:
    weak:
    - libcompiler-rt >=22.1.8
  size: 1376251
  timestamp: 1781741160097
- conda: https://prefix.dev/conda-forge/osx-arm64/libcxx-22.1.8-h55c6f16_0.conda
  sha256: a2e7abab5add9750fab064c024394de48e49f97631c605ad5db5c8ac3fc769ef
  md5: 89f76a2a21a3ec3ec983b5eb237c4113
  depends:
  - __osx >=11.0
  license: Apache-2.0 WITH LLVM-exception
  license_family: Apache
  run_exports: {}
  size: 569349
  timestamp: 1781670209146
- conda: https://prefix.dev/conda-forge/osx-arm64/libexpat-2.8.1-hf6b4638_1.conda
  sha256: 5af74261101e3c777399c6294b2b5d290e508153268eb2e9ff99c4d69834612f
  md5: a915151d5d3c5bf039f5ccc8402a436f
  depends:
  - __osx >=11.0
  constrains:
  - expat 2.8.1.*
  license: MIT
  license_family: MIT
  run_exports: {}
  size: 69362
  timestamp: 1781203631990
- conda: https://prefix.dev/conda-forge/osx-arm64/libffi-3.5.2-hcf2aa1b_0.conda
  sha256: 6686a26466a527585e6a75cc2a242bf4a3d97d6d6c86424a441677917f28bec7
  md5: 43c04d9cb46ef176bb2a4c77e324d599
  depends:
  - __osx >=11.0
  license: MIT
  license_family: MIT
  run_exports:
    weak:
    - libffi >=3.5.2,<3.6.0a0
  size: 40979
  timestamp: 1769456747661
- conda: https://prefix.dev/conda-forge/osx-arm64/libglib-2.88.2-ha08bb59_0.conda
  sha256: 68ac66904a284a7dfbb3bdf9225380eaf20750b2d414215e6d7af5caa3ed1a63
  md5: 03123cafdc96cef79fc8a615f9119b79
  depends:
  - __osx >=11.0
  - pcre2 >=10.47,<10.48.0a0
  - libiconv >=1.18,<2.0a0
  - libintl >=0.25.1,<1.0a0
  - libzlib >=1.3.2,<2.0a0
  - libffi >=3.5.2,<3.6.0a0
  constrains:
  - glib >2.66
  license: LGPL-2.1-or-later
  run_exports:
    weak:
    - libglib >=2.88.2,<3.0a0
  size: 4437447
  timestamp: 1782463971075
- conda: https://prefix.dev/conda-forge/osx-arm64/libiconv-1.18-h23cfdf5_2.conda
  sha256: de0336e800b2af9a40bdd694b03870ac4a848161b35c8a2325704f123f185f03
  md5: 4d5a7445f0b25b6a3ddbb56e790f5251
  depends:
  - __osx >=11.0
  license: LGPL-2.1-only
  run_exports:
    weak:
    - libiconv >=1.18,<2.0a0
  size: 750379
  timestamp: 1754909073836
- conda: https://prefix.dev/conda-forge/osx-arm64/libintl-0.25.1-h493aca8_0.conda
  sha256: 99d2cebcd8f84961b86784451b010f5f0a795ed1c08f1e7c76fbb3c22abf021a
  md5: 5103f6a6b210a3912faf8d7db516918c
  depends:
  - __osx >=11.0
  - libiconv >=1.18,<2.0a0
  license: LGPL-2.1-or-later
  run_exports:
    weak:
    - libintl >=0.25.1,<1.0a0
  size: 90957
  timestamp: 1751558394144
- conda: https://prefix.dev/conda-forge/osx-arm64/libllvm22-22.1.8-h89af1be_1.conda
  sha256: 9c0ece5160e3d8749f43f8dd86777be4cfdb51490fb32f4d8269f8fd9866ce55
  md5: 5726aa6dda93e10bd614e434e9c9b8fc
  depends:
  - __osx >=11.0
  - libcxx >=19
  - libxml2
  - libxml2-16 >=2.14.6
  - libzlib >=1.3.2,<2.0a0
  - zstd >=1.5.7,<1.6.0a0
  license: Apache-2.0 WITH LLVM-exception
  license_family: Apache
  run_exports:
    weak:
    - libllvm22 >=22.1.8,<22.2.0a0
  size: 30057877
  timestamp: 1781783269086
- conda: https://prefix.dev/conda-forge/osx-arm64/liblzma-5.8.3-h8088a28_0.conda
  sha256: 34878d87275c298f1a732c6806349125cebbf340d24c6c23727268184bba051e
  md5: b1fd823b5ae54fbec272cea0811bd8a9
  depends:
  - __osx >=11.0
  constrains:
  - xz 5.8.3.*
  license: 0BSD
  run_exports:
    weak:
    - liblzma >=5.8.3,<6.0a0
  size: 92472
  timestamp: 1775825802659
- conda: https://prefix.dev/conda-forge/osx-arm64/libmpdec-4.0.0-h84a0fba_1.conda
  sha256: 1089c7f15d5b62c622625ec6700732ece83be8b705da8c6607f4dabb0c4bd6d2
  md5: 57c4be259f5e0b99a5983799a228ae55
  depends:
  - __osx >=11.0
  license: BSD-2-Clause
  license_family: BSD
  run_exports: {}
  size: 73690
  timestamp: 1769482560514
- conda: https://prefix.dev/conda-forge/osx-arm64/libsigtool-0.1.3-h98dc951_0.conda
  sha256: 421f7bd7caaa945d9cd5d374cc3f01e75637ca7372a32d5e7695c825a48a30d1
  md5: c08557d00807785decafb932b5be7ef5
  depends:
  - __osx >=11.0
  - openssl >=3.5.4,<4.0a0
  license: MIT
  license_family: MIT
  run_exports: {}
  size: 36416
  timestamp: 1767045062496
- conda: https://prefix.dev/conda-forge/osx-arm64/libsqlite-3.53.3-h1b79a29_0.conda
  sha256: a73a8acd97a6599fd6e561514db9f101ca7fd984cdc0cfd91ba74c8aa9dbe067
  md5: 7184d95871a58b8258a8ea124ed5aabc
  depends:
  - __osx >=11.0
  - libzlib >=1.3.2,<2.0a0
  license: blessing
  run_exports:
    weak:
    - libsqlite >=3.53.3,<4.0a0
  size: 924912
  timestamp: 1782519136322
- conda: https://prefix.dev/conda-forge/osx-arm64/libxml2-16-2.15.3-h6967ea9_0.conda
  sha256: 43895a7517c055b8893531290f9dc48bd751eb04be04f14bbce3b6c71b052be6
  md5: 6c8292c2ee808aeef2406083beaa6da7
  depends:
  - __osx >=11.0
  - libiconv >=1.18,<2.0a0
  - liblzma >=5.8.3,<6.0a0
  - libzlib >=1.3.2,<2.0a0
  constrains:
  - libxml2 2.15.3
  - icu <0.0a0
  license: MIT
  license_family: MIT
  run_exports: {}
  size: 465820
  timestamp: 1776377317454
- conda: https://prefix.dev/conda-forge/osx-arm64/libxml2-2.15.3-heed7d32_0.conda
  sha256: 4d9c117b2dd222cf891710d5f6a570ebb275479979843a1477ac54ed50907b40
  md5: 0c1fdc80534d8f25fd74722aba81f044
  depends:
  - __osx >=11.0
  - libiconv >=1.18,<2.0a0
  - liblzma >=5.8.3,<6.0a0
  - libxml2-16 2.15.3 h6967ea9_0
  - libzlib >=1.3.2,<2.0a0
  constrains:
  - icu <0.0a0
  license: MIT
  license_family: MIT
  run_exports:
    weak:
    - libxml2
    - libxml2-16 >=2.15.3
  size: 41663
  timestamp: 1776377341241
- conda: https://prefix.dev/conda-forge/osx-arm64/libzlib-1.3.2-h8088a28_2.conda
  sha256: 361415a698514b19a852f5d1123c5da746d4642139904156ddfca7c922d23a05
  md5: bc5a5721b6439f2f62a84f2548136082
  depends:
  - __osx >=11.0
  constrains:
  - zlib 1.3.2 *_2
  license: Zlib
  license_family: Other
  run_exports:
    weak:
    - libzlib >=1.3.2,<2.0a0
  size: 47759
  timestamp: 1774072956767
- conda: https://prefix.dev/conda-forge/osx-arm64/llvm-tools-22-22.1.8-hb545844_1.conda
  sha256: a5ac8bd2fd67c6e71c991e3172c0ec8430de4ec91506e93c0f1afb56a88ed8e6
  md5: 67a51d348fcfc95393fd0f7d92e119cf
  depends:
  - __osx >=11.0
  - libcxx >=19
  - libllvm22 22.1.8 h89af1be_1
  - libzlib >=1.3.2,<2.0a0
  - zstd >=1.5.7,<1.6.0a0
  license: Apache-2.0 WITH LLVM-exception
  license_family: Apache
  run_exports: {}
  size: 17832371
  timestamp: 1781783379957
- conda: https://prefix.dev/conda-forge/osx-arm64/llvm-tools-22.1.8-hd34ed20_1.conda
  sha256: f5933c1fee348ece7129a5e07af2c8051984ed3a3d2d5f95e4c5144e23f29f55
  md5: 3ed593360f7932817da40db4f96f803f
  depends:
  - __osx >=11.0
  - libllvm22 22.1.8 h89af1be_1
  - llvm-tools-22 22.1.8 hb545844_1
  constrains:
  - llvmdev     22.1.8
  - llvm        22.1.8
  - clang       22.1.8
  - clang-tools 22.1.8
  license: Apache-2.0 WITH LLVM-exception
  license_family: Apache
  run_exports: {}
  size: 52210
  timestamp: 1781783441469
- conda: https://prefix.dev/conda-forge/osx-arm64/ncurses-6.6-h1d4f5a5_0.conda
  sha256: 4ea6c620b87bd1d42bb2ccc2c87cd2483fa2d7f9e905b14c223f11ff3f4c455d
  md5: 343d10ed5b44030a2f67193905aea159
  depends:
  - __osx >=11.0
  license: X11 AND BSD-3-Clause
  run_exports:
    weak:
    - ncurses >=6.6,<7.0a0
  size: 805509
  timestamp: 1777423252320
- conda: https://prefix.dev/conda-forge/osx-arm64/ninja-1.13.2-h49c215f_0.conda
  sha256: 18d33c17b28d4771fc0b91b7b963c9ce31aca0a9af7dc8e9ee7c974bb207192c
  md5: 175809cc57b2c67f27a0f238bd7f069d
  depends:
  - __osx >=11.0
  - libcxx >=19
  license: Apache-2.0
  license_family: APACHE
  run_exports: {}
  size: 164450
  timestamp: 1763688228613
- conda: https://prefix.dev/conda-forge/osx-arm64/openssl-3.6.3-hd24854e_0.conda
  sha256: b3e3ca895c336d4eb91c5d2f244a312bdb59a0de8cfa0cc4c179225ab2f6bbfb
  md5: 8187a86242741725bfa74785fe812979
  depends:
  - __osx >=11.0
  - ca-certificates
  license: Apache-2.0
  license_family: Apache
  run_exports:
    weak:
    - openssl >=3.6.3,<4.0a0
  size: 3102584
  timestamp: 1781069820667
- conda: https://prefix.dev/conda-forge/osx-arm64/pcre2-10.47-h30297fc_0.conda
  sha256: 5e2e443f796f2fd92adf7978286a525fb768c34e12b1ee9ded4000a41b2894ba
  md5: 9b4190c4055435ca3502070186eba53a
  depends:
  - __osx >=11.0
  - bzip2 >=1.0.8,<2.0a0
  - libzlib >=1.3.1,<2.0a0
  license: BSD-3-Clause
  license_family: BSD
  run_exports:
    weak:
    - pcre2 >=10.47,<10.48.0a0
  size: 850231
  timestamp: 1763655726735
- conda: https://prefix.dev/conda-forge/osx-arm64/pkg-config-0.29.2-hde07d2e_1009.conda
  sha256: d82f4655b2d67fe12eefe1a3eea4cd27d33fa41dbc5e9aeab5fd6d3d2c26f18a
  md5: b4f41e19a8c20184eec3aaf0f0953293
  depends:
  - __osx >=11.0
  - libglib >=2.80.3,<3.0a0
  - libiconv >=1.17,<2.0a0
  license: GPL-2.0-or-later
  license_family: GPL
  run_exports: {}
  size: 49724
  timestamp: 1720806128118
- conda: https://prefix.dev/conda-forge/osx-arm64/python-3.14.6-h156bc91_100_cp314.conda
  build_number: 100
  sha256: 984081c9fae3a3944c6f2707bbbbc70e8b961f02cdb7c640d9745e2636235632
  md5: 4841be3d0cf616a860efc6e60af66f8b
  depends:
  - __osx >=11.0
  - bzip2 >=1.0.8,<2.0a0
  - libexpat >=2.8.1,<3.0a0
  - libffi >=3.5.2,<3.6.0a0
  - liblzma >=5.8.3,<6.0a0
  - libmpdec >=4.0.0,<5.0a0
  - libsqlite >=3.53.2,<4.0a0
  - libzlib >=1.3.2,<2.0a0
  - ncurses >=6.6,<7.0a0
  - openssl >=3.5.7,<4.0a0
  - python_abi 3.14.* *_cp314
  - readline >=8.3,<9.0a0
  - tk >=8.6.13,<8.7.0a0
  - tzdata
  - zstd >=1.5.7,<1.6.0a0
  license: Python-2.0
  run_exports:
    weak:
    - python_abi 3.14.* *_cp314
    noarch:
    - python
  size: 14059371
  timestamp: 1781254578985
  python_site_packages_path: lib/python3.14/site-packages
- conda: https://prefix.dev/conda-forge/osx-arm64/readline-8.3-h46df422_0.conda
  sha256: a77010528efb4b548ac2a4484eaf7e1c3907f2aec86123ed9c5212ae44502477
  md5: f8381319127120ce51e081dce4865cf4
  depends:
  - __osx >=11.0
  - ncurses >=6.5,<7.0a0
  license: GPL-3.0-only
  license_family: GPL
  run_exports:
    weak:
    - readline >=8.3,<9.0a0
  size: 313930
  timestamp: 1765813902568
- conda: https://prefix.dev/conda-forge/osx-arm64/rust-1.97.0-h4ff7c5d_1.conda
  sha256: a66f2391779b82f39d9905285e572613ebe941a7c352d5572b2faa204e0ee457
  md5: bcb5b0c11b3c38688033c2e5c0a3f8b9
  depends:
  - rust-std-aarch64-apple-darwin 1.97.0 hf6ec828_1
  license: MIT
  run_exports: {}
  size: 182406983
  timestamp: 1784229574025
- conda: https://prefix.dev/conda-forge/osx-arm64/rust_osx-arm64-1.97.0-haeb8da5_0.conda
  sha256: bac8fbc2bb2f4399343fbab7091aa94a837c2cf38e384a9d310bf9ab9dac81fb
  md5: e6e0e324d35c869685a930fc6ffe739d
  depends:
  - clang_osx-arm64
  - ld64_osx-arm64
  - macosx_deployment_target_osx-arm64 >=11.0
  - rust 1.97.0.*
  - rust-std-aarch64-apple-darwin 1.97.0.*
  license: BSD-3-Clause
  license_family: BSD
  run_exports:
    strong_constrains:
    - __osx >=11.0
  size: 11022
  timestamp: 1784054926704
- conda: https://prefix.dev/conda-forge/osx-arm64/sigtool-codesign-0.1.3-h98dc951_0.conda
  sha256: f3d006e2441f110160a684744d90921bbedbffa247d7599d7e76b5cd048116dc
  md5: ade77ad7513177297b1d75e351e136ce
  depends:
  - __osx >=11.0
  - libsigtool 0.1.3 h98dc951_0
  - openssl >=3.5.4,<4.0a0
  license: MIT
  license_family: MIT
  run_exports: {}
  size: 114331
  timestamp: 1767045086274
- conda: https://prefix.dev/conda-forge/osx-arm64/tapi-1600.0.11.8-h997e182_2.conda
  sha256: de6893e53664e769c1b1c4103a666d436e3d307c0eb6a09a164e749d116e80f7
  md5: 555070ad1e18b72de36e9ee7ed3236b3
  depends:
  - libcxx >=19.0.0.a0
  - __osx >=11.0
  - ncurses >=6.5,<7.0a0
  license: NCSA
  run_exports: {}
  size: 200192
  timestamp: 1775657222120
- conda: https://prefix.dev/conda-forge/osx-arm64/tk-8.6.13-hd3d0363_3.conda
  sha256: 47186bc7ab8d7e8bee86bbd1a917196f8c21cf63f081fc33cd6d1221af087580
  md5: 8e3cf0e455e6b54519f0b1c72c61780a
  depends:
  - __osx >=11.0
  - libzlib >=1.3.2,<2.0a0
  license: TCL
  run_exports:
    weak:
    - tk >=8.6.13,<8.7.0a0
  size: 3338712
  timestamp: 1784229090530
- conda: https://prefix.dev/conda-forge/osx-arm64/uv-0.11.29-h11277c2_0.conda
  sha256: 5eeb07f1779c8ba3b6fcd8d39ccf5ac72aaf55a09da0997335deac22e30ac289
  md5: 5438636874ea4010a3ced1375a17c6a2
  depends:
  - __osx >=11.0
  - libcxx >=19
  constrains:
  - __osx >=11.0
  license: Apache-2.0 OR MIT
  run_exports: {}
  size: 18421667
  timestamp: 1784166524898
- conda: https://prefix.dev/conda-forge/osx-arm64/zstd-1.5.7-hbf9d68e_6.conda
  sha256: 9485ba49e8f47d2b597dd399e88f4802e100851b27c21d7525625b0b4025a5d9
  md5: ab136e4c34e97f34fb621d2592a393d8
  depends:
  - __osx >=11.0
  - libzlib >=1.3.1,<2.0a0
  license: BSD-3-Clause
  license_family: BSD
  run_exports:
    weak:
    - zstd >=1.5.7,<1.6.0a0
  size: 433413
  timestamp: 1764777166076
- conda_source: meson[776cf2c8] @ /Users/lucascolley/ghq/github.com/mesonbuild/meson
  variants:
    target_platform: noarch
  depends:
  - python
  - python *
  host_packages:
  - conda: https://prefix.dev/conda-forge/noarch/ca-certificates-2026.6.17-hbd8a1cb_0.conda
  - conda: https://prefix.dev/conda-forge/noarch/python_abi-3.14-8_cp314.conda
  - conda: https://prefix.dev/conda-forge/noarch/setuptools-83.0.0-pyh332efcf_0.conda
  - conda: https://prefix.dev/conda-forge/noarch/tzdata-2026c-h151e31d_0.conda
  - conda: https://prefix.dev/conda-forge/osx-arm64/bzip2-1.0.8-hd037594_9.conda
  - conda: https://prefix.dev/conda-forge/osx-arm64/libcxx-22.1.8-h55c6f16_0.conda
  - conda: https://prefix.dev/conda-forge/osx-arm64/libexpat-2.8.1-hf6b4638_1.conda
  - conda: https://prefix.dev/conda-forge/osx-arm64/libffi-3.5.2-hcf2aa1b_0.conda
  - conda: https://prefix.dev/conda-forge/osx-arm64/liblzma-5.8.3-h8088a28_0.conda
  - conda: https://prefix.dev/conda-forge/osx-arm64/libmpdec-4.0.0-h84a0fba_1.conda
  - conda: https://prefix.dev/conda-forge/osx-arm64/libsqlite-3.53.3-h1b79a29_0.conda
  - conda: https://prefix.dev/conda-forge/osx-arm64/libzlib-1.3.2-h8088a28_2.conda
  - conda: https://prefix.dev/conda-forge/osx-arm64/ncurses-6.6-h1d4f5a5_0.conda
  - conda: https://prefix.dev/conda-forge/osx-arm64/openssl-3.6.3-hd24854e_0.conda
  - conda: https://prefix.dev/conda-forge/osx-arm64/python-3.14.6-h156bc91_100_cp314.conda
  - conda: https://prefix.dev/conda-forge/osx-arm64/readline-8.3-h46df422_0.conda
  - conda: https://prefix.dev/conda-forge/osx-arm64/tk-8.6.13-hd3d0363_3.conda
  - conda: https://prefix.dev/conda-forge/osx-arm64/uv-0.11.29-h11277c2_0.conda
  - conda: https://prefix.dev/conda-forge/osx-arm64/zstd-1.5.7-hbf9d68e_6.conda
- conda_source: pyo3-mesonpy[10bb74b1] @ .
  variants:
    c_stdlib: macosx_deployment_target
    c_stdlib_version: '13.0'
    target_platform: osx-arm64
  depends:
  - python >=3.8
  - __osx >=13.0
  - python_abi 3.14.* *_cp314
  constrains:
  - __osx >=11.0
  build_packages:
  - conda: https://prefix.dev/conda-forge/noarch/ca-certificates-2026.6.17-hbd8a1cb_0.conda
  - conda: https://prefix.dev/conda-forge/noarch/compiler-rt22_osx-arm64-22.1.8-h7e67a1e_1.conda
  - conda: https://prefix.dev/conda-forge/noarch/compiler-rt_osx-arm64-22.1.8-hce30654_1.conda
  - conda: https://prefix.dev/conda-forge/noarch/macosx_deployment_target_osx-arm64-13.0-h95484f9_7.conda
  - conda: https://prefix.dev/conda-forge/noarch/rust-std-aarch64-apple-darwin-1.97.0-hf6ec828_1.conda
  - conda: https://prefix.dev/conda-forge/noarch/sdkroot_env_osx-arm64-26.0-ha3f98da_7.conda
  - conda: https://prefix.dev/conda-forge/osx-arm64/cctools_impl_osx-arm64-1030.6.3-llvm22_1_hb5e89dc_4.conda
  - conda: https://prefix.dev/conda-forge/osx-arm64/cctools_osx-arm64-1030.6.3-llvm22_1_hbe26303_4.conda
  - conda: https://prefix.dev/conda-forge/osx-arm64/clang-22-22.1.8-default_h3bfd001_3.conda
  - conda: https://prefix.dev/conda-forge/osx-arm64/clang_impl_osx-arm64-22.1.8-default_hd222103_3.conda
  - conda: https://prefix.dev/conda-forge/osx-arm64/clang_osx-arm64-22.1.8-hc95f77d_33.conda
  - conda: https://prefix.dev/conda-forge/osx-arm64/compiler-rt-22.1.8-hce30654_1.conda
  - conda: https://prefix.dev/conda-forge/osx-arm64/compiler-rt22-22.1.8-hd34ed20_1.conda
  - conda: https://prefix.dev/conda-forge/osx-arm64/ld64_osx-arm64-956.6-llvm22_1_h692d5aa_4.conda
  - conda: https://prefix.dev/conda-forge/osx-arm64/libclang-cpp22.1-22.1.8-default_hdca5a3d_3.conda
  - conda: https://prefix.dev/conda-forge/osx-arm64/libcompiler-rt-22.1.8-hd34ed20_1.conda
  - conda: https://prefix.dev/conda-forge/osx-arm64/libcxx-22.1.8-h55c6f16_0.conda
  - conda: https://prefix.dev/conda-forge/osx-arm64/libiconv-1.18-h23cfdf5_2.conda
  - conda: https://prefix.dev/conda-forge/osx-arm64/libllvm22-22.1.8-h89af1be_1.conda
  - conda: https://prefix.dev/conda-forge/osx-arm64/liblzma-5.8.3-h8088a28_0.conda
  - conda: https://prefix.dev/conda-forge/osx-arm64/libsigtool-0.1.3-h98dc951_0.conda
  - conda: https://prefix.dev/conda-forge/osx-arm64/libxml2-16-2.15.3-h6967ea9_0.conda
  - conda: https://prefix.dev/conda-forge/osx-arm64/libxml2-2.15.3-heed7d32_0.conda
  - conda: https://prefix.dev/conda-forge/osx-arm64/libzlib-1.3.2-h8088a28_2.conda
  - conda: https://prefix.dev/conda-forge/osx-arm64/llvm-tools-22-22.1.8-hb545844_1.conda
  - conda: https://prefix.dev/conda-forge/osx-arm64/llvm-tools-22.1.8-hd34ed20_1.conda
  - conda: https://prefix.dev/conda-forge/osx-arm64/ncurses-6.6-h1d4f5a5_0.conda
  - conda: https://prefix.dev/conda-forge/osx-arm64/openssl-3.6.3-hd24854e_0.conda
  - conda: https://prefix.dev/conda-forge/osx-arm64/rust-1.97.0-h4ff7c5d_1.conda
  - conda: https://prefix.dev/conda-forge/osx-arm64/rust_osx-arm64-1.97.0-haeb8da5_0.conda
  - conda: https://prefix.dev/conda-forge/osx-arm64/sigtool-codesign-0.1.3-h98dc951_0.conda
  - conda: https://prefix.dev/conda-forge/osx-arm64/tapi-1600.0.11.8-h997e182_2.conda
  - conda: https://prefix.dev/conda-forge/osx-arm64/zstd-1.5.7-hbf9d68e_6.conda
  host_packages:
  - conda: https://prefix.dev/conda-forge/noarch/ca-certificates-2026.6.17-hbd8a1cb_0.conda
  - conda: https://prefix.dev/conda-forge/noarch/meson-python-0.20.0-pyh7e86bf3_0.conda
  - conda: https://prefix.dev/conda-forge/noarch/packaging-26.2-pyhc364b38_0.conda
  - conda: https://prefix.dev/conda-forge/noarch/pyproject-metadata-0.12.1-pyhd8ed1ab_0.conda
  - conda: https://prefix.dev/conda-forge/noarch/python_abi-3.14-8_cp314.conda
  - conda: https://prefix.dev/conda-forge/noarch/tomli-2.4.1-pyhcf101f3_0.conda
  - conda: https://prefix.dev/conda-forge/noarch/tzdata-2026c-h151e31d_0.conda
  - conda: https://prefix.dev/conda-forge/osx-arm64/bzip2-1.0.8-hd037594_9.conda
  - conda: https://prefix.dev/conda-forge/osx-arm64/libcxx-22.1.8-h55c6f16_0.conda
  - conda: https://prefix.dev/conda-forge/osx-arm64/libexpat-2.8.1-hf6b4638_1.conda
  - conda: https://prefix.dev/conda-forge/osx-arm64/libffi-3.5.2-hcf2aa1b_0.conda
  - conda: https://prefix.dev/conda-forge/osx-arm64/libglib-2.88.2-ha08bb59_0.conda
  - conda: https://prefix.dev/conda-forge/osx-arm64/libiconv-1.18-h23cfdf5_2.conda
  - conda: https://prefix.dev/conda-forge/osx-arm64/libintl-0.25.1-h493aca8_0.conda
  - conda: https://prefix.dev/conda-forge/osx-arm64/liblzma-5.8.3-h8088a28_0.conda
  - conda: https://prefix.dev/conda-forge/osx-arm64/libmpdec-4.0.0-h84a0fba_1.conda
  - conda: https://prefix.dev/conda-forge/osx-arm64/libsqlite-3.53.3-h1b79a29_0.conda
  - conda: https://prefix.dev/conda-forge/osx-arm64/libzlib-1.3.2-h8088a28_2.conda
  - conda: https://prefix.dev/conda-forge/osx-arm64/ncurses-6.6-h1d4f5a5_0.conda
  - conda: https://prefix.dev/conda-forge/osx-arm64/ninja-1.13.2-h49c215f_0.conda
  - conda: https://prefix.dev/conda-forge/osx-arm64/openssl-3.6.3-hd24854e_0.conda
  - conda: https://prefix.dev/conda-forge/osx-arm64/pcre2-10.47-h30297fc_0.conda
  - conda: https://prefix.dev/conda-forge/osx-arm64/pkg-config-0.29.2-hde07d2e_1009.conda
  - conda: https://prefix.dev/conda-forge/osx-arm64/python-3.14.6-h156bc91_100_cp314.conda
  - conda: https://prefix.dev/conda-forge/osx-arm64/readline-8.3-h46df422_0.conda
  - conda: https://prefix.dev/conda-forge/osx-arm64/tk-8.6.13-hd3d0363_3.conda
  - conda: https://prefix.dev/conda-forge/osx-arm64/uv-0.11.29-h11277c2_0.conda
  - conda: https://prefix.dev/conda-forge/osx-arm64/zstd-1.5.7-hbf9d68e_6.conda
  - conda_source: meson[776cf2c8] @ /Users/lucascolley/ghq/github.com/mesonbuild/meson
